
Microsoft Visual Studio Solution File, Format Version 12.00
# Visual Studio Version 17
VisualStudioVersion = 17.3.32929.385
MinimumVisualStudioVersion = 10.0.40219.1
Project("{FAE04EC0-301F-11D3-BF4B-00C04F79EFBC}") = "Strip Comments", "Strip Comments\Strip Comments.csproj", "{A6F045AB-D4E0-41E5-867E-E3E1415555E5}"
EndProject
Global
	GlobalSection(SolutionConfigurationPlatforms) = preSolution
		Debug|Any CPU = Debug|Any CPU
		Release|Any CPU = Release|Any CPU
	EndGlobalSection
	GlobalSection(ProjectConfigurationPlatforms) = postSolution
		{A6F045AB-D4E0-41E5-867E-E3E1415555E5}.Debug|Any CPU.ActiveCfg = Debug|Any CPU
		{A6F045AB-D4E0-41E5-867E-E3E1415555E5}.Debug|Any CPU.Build.0 = Debug|Any CPU
		{A6F045AB-D4E0-41E5-867E-E3E1415555E5}.Release|Any CPU.ActiveCfg = Release|Any CPU
		{A6F045AB-D4E0-41E5-867E-E3E1415555E5}.Release|Any CPU.Build.0 = Release|Any CPU
	EndGlobalSection
	GlobalSection(SolutionProperties) = preSolution
		HideSolutionNode = FALSE
	EndGlobalSection
	GlobalSection(ExtensibilityGlobals) = postSolution
		SolutionGuid = {F12CC46F-17EE-47C1-B49A-B0677F509C54}
	EndGlobalSection
EndGlobal
