
Microsoft Visual Studio Solution File, Format Version 12.00
# Visual Studio Version 17
VisualStudioVersion = 17.3.32929.385
MinimumVisualStudioVersion = 10.0.40219.1
Project("{9A19103F-16F7-4668-BE54-9A1E7A4F7556}") = "Strip Comments", "Strip Comments\Strip Comments.csproj", "{A6F045AB-D4E0-41E5-867E-E3E1415555E5}"
EndProject
Project("{9A19103F-16F7-4668-BE54-9A1E7A4F7556}") = "AddTwoMDigitNumbers", "AddTwoMDigitNumbers\AddTwoMDigitNumbers.csproj", "{C52D1ECF-1C14-47E4-A80F-2AA2CFB9B4DB}"
EndProject
Project("{9A19103F-16F7-4668-BE54-9A1E7A4F7556}") = "MediatorPattern", "MediatorPattern\MediatorPattern.csproj", "{68B9351A-23D6-4CA5-913D-59BAEB761A8F}"
EndProject
Project("{9A19103F-16F7-4668-BE54-9A1E7A4F7556}") = "MediatorPatternExercise", "MediatorPatternExercise\MediatorPatternExercise.csproj", "{3B7D4BC6-D598-44C3-9494-45D378295F0E}"
EndProject
Project("{9A19103F-16F7-4668-BE54-9A1E7A4F7556}") = "CSharpHeckaton", "CSharpHeckaton\CSharpHeckaton.csproj", "{EEC9E714-8AB4-4327-A859-759B676CE75A}"
EndProject
Project("{9A19103F-16F7-4668-BE54-9A1E7A4F7556}") = "WhoLikesIt", "WhoLikesIt\WhoLikesIt.csproj", "{8E284B38-6308-4C26-ACE1-4C6F4580D968}"
EndProject
Project("{9A19103F-16F7-4668-BE54-9A1E7A4F7556}") = "CountingSheep", "CountingSheep\CountingSheep.csproj", "{FA89E9DC-1BA3-44AC-96E5-C4CFE4423355}"
EndProject
Project("{9A19103F-16F7-4668-BE54-9A1E7A4F7556}") = "ParseInt", "ParseInt\ParseInt.csproj", "{5939CA30-E527-47E8-8673-BF86666AEBD1}"
EndProject
Project("{9A19103F-16F7-4668-BE54-9A1E7A4F7556}") = "Convert PascalCase string into snake_case", "Convert PascalCase string into snake_case\Convert PascalCase string into snake_case.csproj", "{A7D0DEB3-7E37-4389-9381-677EA0E5DBA6}"
EndProject
Project("{9A19103F-16F7-4668-BE54-9A1E7A4F7556}") = "Perimeter of squares in a rectangle", "Perimeter of squares in a rectangle\Perimeter of squares in a rectangle.csproj", "{32F0D46C-88FD-4F96-A99F-02594E1EE0EE}"
EndProject
Project("{9A19103F-16F7-4668-BE54-9A1E7A4F7556}") = "Last digit of a large number", "Last digit of a large number\Last digit of a large number.csproj", "{EBBA83BA-F476-4C86-9924-2434AC223E30}"
EndProject
Project("{9A19103F-16F7-4668-BE54-9A1E7A4F7556}") = "QueraQuiz", "QueraQuiz\QueraQuiz.csproj", "{1168CE8F-F96E-4757-916F-06D76A72312B}"
EndProject
Project("{9A19103F-16F7-4668-BE54-9A1E7A4F7556}") = "SoManyPermutations", "SoManyPermutations\SoManyPermutations.csproj", "{1D9684B7-DE72-4152-964A-A13EC6C33B22}"
EndProject
Project("{9A19103F-16F7-4668-BE54-9A1E7A4F7556}") = "PracticeLinq", "PracticeLinq\PracticeLinq.csproj", "{2955E3C4-E4C3-4D78-B3BE-F1AD470EB52C}"
EndProject
Project("{9A19103F-16F7-4668-BE54-9A1E7A4F7556}") = "HumanReadableDurationFormat", "HumanReadableDurationFormat\HumanReadableDurationFormat.csproj", "{AA6FF8B9-6828-4248-ADC9-0F95D96B2E15}"
EndProject
Project("{FAE04EC0-301F-11D3-BF4B-00C04F79EFBC}") = "PrimeStreamingPG13", "PrimeStreamingPG13\PrimeStreamingPG13.csproj", "{FFEA7EA3-1F91-4EA7-BFCC-2E5D6181EACB}"
EndProject
Global
	GlobalSection(SolutionConfigurationPlatforms) = preSolution
		Debug|Any CPU = Debug|Any CPU
		Release|Any CPU = Release|Any CPU
	EndGlobalSection
	GlobalSection(ProjectConfigurationPlatforms) = postSolution
		{A6F045AB-D4E0-41E5-867E-E3E1415555E5}.Debug|Any CPU.ActiveCfg = Debug|Any CPU
		{A6F045AB-D4E0-41E5-867E-E3E1415555E5}.Debug|Any CPU.Build.0 = Debug|Any CPU
		{A6F045AB-D4E0-41E5-867E-E3E1415555E5}.Release|Any CPU.ActiveCfg = Release|Any CPU
		{A6F045AB-D4E0-41E5-867E-E3E1415555E5}.Release|Any CPU.Build.0 = Release|Any CPU
		{C52D1ECF-1C14-47E4-A80F-2AA2CFB9B4DB}.Debug|Any CPU.ActiveCfg = Debug|Any CPU
		{C52D1ECF-1C14-47E4-A80F-2AA2CFB9B4DB}.Debug|Any CPU.Build.0 = Debug|Any CPU
		{C52D1ECF-1C14-47E4-A80F-2AA2CFB9B4DB}.Release|Any CPU.ActiveCfg = Release|Any CPU
		{C52D1ECF-1C14-47E4-A80F-2AA2CFB9B4DB}.Release|Any CPU.Build.0 = Release|Any CPU
		{68B9351A-23D6-4CA5-913D-59BAEB761A8F}.Debug|Any CPU.ActiveCfg = Debug|Any CPU
		{68B9351A-23D6-4CA5-913D-59BAEB761A8F}.Debug|Any CPU.Build.0 = Debug|Any CPU
		{68B9351A-23D6-4CA5-913D-59BAEB761A8F}.Release|Any CPU.ActiveCfg = Release|Any CPU
		{68B9351A-23D6-4CA5-913D-59BAEB761A8F}.Release|Any CPU.Build.0 = Release|Any CPU
		{3B7D4BC6-D598-44C3-9494-45D378295F0E}.Debug|Any CPU.ActiveCfg = Debug|Any CPU
		{3B7D4BC6-D598-44C3-9494-45D378295F0E}.Debug|Any CPU.Build.0 = Debug|Any CPU
		{3B7D4BC6-D598-44C3-9494-45D378295F0E}.Release|Any CPU.ActiveCfg = Release|Any CPU
		{3B7D4BC6-D598-44C3-9494-45D378295F0E}.Release|Any CPU.Build.0 = Release|Any CPU
		{EEC9E714-8AB4-4327-A859-759B676CE75A}.Debug|Any CPU.ActiveCfg = Debug|Any CPU
		{EEC9E714-8AB4-4327-A859-759B676CE75A}.Debug|Any CPU.Build.0 = Debug|Any CPU
		{EEC9E714-8AB4-4327-A859-759B676CE75A}.Release|Any CPU.ActiveCfg = Release|Any CPU
		{EEC9E714-8AB4-4327-A859-759B676CE75A}.Release|Any CPU.Build.0 = Release|Any CPU
		{8E284B38-6308-4C26-ACE1-4C6F4580D968}.Debug|Any CPU.ActiveCfg = Debug|Any CPU
		{8E284B38-6308-4C26-ACE1-4C6F4580D968}.Debug|Any CPU.Build.0 = Debug|Any CPU
		{8E284B38-6308-4C26-ACE1-4C6F4580D968}.Release|Any CPU.ActiveCfg = Release|Any CPU
		{8E284B38-6308-4C26-ACE1-4C6F4580D968}.Release|Any CPU.Build.0 = Release|Any CPU
		{FA89E9DC-1BA3-44AC-96E5-C4CFE4423355}.Debug|Any CPU.ActiveCfg = Debug|Any CPU
		{FA89E9DC-1BA3-44AC-96E5-C4CFE4423355}.Debug|Any CPU.Build.0 = Debug|Any CPU
		{FA89E9DC-1BA3-44AC-96E5-C4CFE4423355}.Release|Any CPU.ActiveCfg = Release|Any CPU
		{FA89E9DC-1BA3-44AC-96E5-C4CFE4423355}.Release|Any CPU.Build.0 = Release|Any CPU
		{5939CA30-E527-47E8-8673-BF86666AEBD1}.Debug|Any CPU.ActiveCfg = Debug|Any CPU
		{5939CA30-E527-47E8-8673-BF86666AEBD1}.Debug|Any CPU.Build.0 = Debug|Any CPU
		{5939CA30-E527-47E8-8673-BF86666AEBD1}.Release|Any CPU.ActiveCfg = Release|Any CPU
		{5939CA30-E527-47E8-8673-BF86666AEBD1}.Release|Any CPU.Build.0 = Release|Any CPU
		{A7D0DEB3-7E37-4389-9381-677EA0E5DBA6}.Debug|Any CPU.ActiveCfg = Debug|Any CPU
		{A7D0DEB3-7E37-4389-9381-677EA0E5DBA6}.Debug|Any CPU.Build.0 = Debug|Any CPU
		{A7D0DEB3-7E37-4389-9381-677EA0E5DBA6}.Release|Any CPU.ActiveCfg = Release|Any CPU
		{A7D0DEB3-7E37-4389-9381-677EA0E5DBA6}.Release|Any CPU.Build.0 = Release|Any CPU
		{32F0D46C-88FD-4F96-A99F-02594E1EE0EE}.Debug|Any CPU.ActiveCfg = Debug|Any CPU
		{32F0D46C-88FD-4F96-A99F-02594E1EE0EE}.Debug|Any CPU.Build.0 = Debug|Any CPU
		{32F0D46C-88FD-4F96-A99F-02594E1EE0EE}.Release|Any CPU.ActiveCfg = Release|Any CPU
		{32F0D46C-88FD-4F96-A99F-02594E1EE0EE}.Release|Any CPU.Build.0 = Release|Any CPU
		{EBBA83BA-F476-4C86-9924-2434AC223E30}.Debug|Any CPU.ActiveCfg = Debug|Any CPU
		{EBBA83BA-F476-4C86-9924-2434AC223E30}.Debug|Any CPU.Build.0 = Debug|Any CPU
		{EBBA83BA-F476-4C86-9924-2434AC223E30}.Release|Any CPU.ActiveCfg = Release|Any CPU
		{EBBA83BA-F476-4C86-9924-2434AC223E30}.Release|Any CPU.Build.0 = Release|Any CPU
		{1168CE8F-F96E-4757-916F-06D76A72312B}.Debug|Any CPU.ActiveCfg = Debug|Any CPU
		{1168CE8F-F96E-4757-916F-06D76A72312B}.Debug|Any CPU.Build.0 = Debug|Any CPU
		{1168CE8F-F96E-4757-916F-06D76A72312B}.Release|Any CPU.ActiveCfg = Release|Any CPU
		{1168CE8F-F96E-4757-916F-06D76A72312B}.Release|Any CPU.Build.0 = Release|Any CPU
		{1D9684B7-DE72-4152-964A-A13EC6C33B22}.Debug|Any CPU.ActiveCfg = Debug|Any CPU
		{1D9684B7-DE72-4152-964A-A13EC6C33B22}.Debug|Any CPU.Build.0 = Debug|Any CPU
		{1D9684B7-DE72-4152-964A-A13EC6C33B22}.Release|Any CPU.ActiveCfg = Release|Any CPU
		{1D9684B7-DE72-4152-964A-A13EC6C33B22}.Release|Any CPU.Build.0 = Release|Any CPU
		{2955E3C4-E4C3-4D78-B3BE-F1AD470EB52C}.Debug|Any CPU.ActiveCfg = Debug|Any CPU
		{2955E3C4-E4C3-4D78-B3BE-F1AD470EB52C}.Debug|Any CPU.Build.0 = Debug|Any CPU
		{2955E3C4-E4C3-4D78-B3BE-F1AD470EB52C}.Release|Any CPU.ActiveCfg = Release|Any CPU
		{2955E3C4-E4C3-4D78-B3BE-F1AD470EB52C}.Release|Any CPU.Build.0 = Release|Any CPU
		{AA6FF8B9-6828-4248-ADC9-0F95D96B2E15}.Debug|Any CPU.ActiveCfg = Debug|Any CPU
		{AA6FF8B9-6828-4248-ADC9-0F95D96B2E15}.Debug|Any CPU.Build.0 = Debug|Any CPU
		{AA6FF8B9-6828-4248-ADC9-0F95D96B2E15}.Release|Any CPU.ActiveCfg = Release|Any CPU
		{AA6FF8B9-6828-4248-ADC9-0F95D96B2E15}.Release|Any CPU.Build.0 = Release|Any CPU
		{FFEA7EA3-1F91-4EA7-BFCC-2E5D6181EACB}.Debug|Any CPU.ActiveCfg = Debug|Any CPU
		{FFEA7EA3-1F91-4EA7-BFCC-2E5D6181EACB}.Debug|Any CPU.Build.0 = Debug|Any CPU
		{FFEA7EA3-1F91-4EA7-BFCC-2E5D6181EACB}.Release|Any CPU.ActiveCfg = Release|Any CPU
		{FFEA7EA3-1F91-4EA7-BFCC-2E5D6181EACB}.Release|Any CPU.Build.0 = Release|Any CPU
	EndGlobalSection
	GlobalSection(SolutionProperties) = preSolution
		HideSolutionNode = FALSE
	EndGlobalSection
	GlobalSection(ExtensibilityGlobals) = postSolution
		SolutionGuid = {F12CC46F-17EE-47C1-B49A-B0677F509C54}
	EndGlobalSection
EndGlobal
